// !$*UTF8*$!
{
	archiveVersion = 1;
	classes = {
	};
	objectVersion = 46;
	objects = {

/* Begin PBXBuildFile section */
		C5B94E2A2DC61169550C5167 /* libPods-testAppTests.a in Frameworks */ = {isa = PBXBuildFile; fileRef = 59116644370516EB0855A318 /* libPods-testAppTests.a */; };
		D5E6F7CD1D6B1DA1009E3107 /* main.m in Sources */ = {isa = PBXBuildFile; fileRef = D5E6F7CC1D6B1DA1009E3107 /* main.m */; };
		D5E6F7D01D6B1DA2009E3107 /* AppDelegate.m in Sources */ = {isa = PBXBuildFile; fileRef = D5E6F7CF1D6B1DA2009E3107 /* AppDelegate.m */; };
		D5E6F7D31D6B1DA2009E3107 /* ViewController.m in Sources */ = {isa = PBXBuildFile; fileRef = D5E6F7D21D6B1DA2009E3107 /* ViewController.m */; };
		D5E6F7D61D6B1DA2009E3107 /* Main.storyboard in Resources */ = {isa = PBXBuildFile; fileRef = D5E6F7D41D6B1DA2009E3107 /* Main.storyboard */; };
		D5E6F7D81D6B1DA2009E3107 /* Assets.xcassets in Resources */ = {isa = PBXBuildFile; fileRef = D5E6F7D71D6B1DA2009E3107 /* Assets.xcassets */; };
		D5E6F7DB1D6B1DA2009E3107 /* LaunchScreen.storyboard in Resources */ = {isa = PBXBuildFile; fileRef = D5E6F7D91D6B1DA2009E3107 /* LaunchScreen.storyboard */; };
		D5E6F7E61D6B1DA2009E3107 /* testAppTests.m in Sources */ = {isa = PBXBuildFile; fileRef = D5E6F7E51D6B1DA2009E3107 /* testAppTests.m */; };
		D5E6F7F11D6B1DA2009E3107 /* testAppUITests.m in Sources */ = {isa = PBXBuildFile; fileRef = D5E6F7F01D6B1DA2009E3107 /* testAppUITests.m */; };
		D5E6F8021D6B2553009E3107 /* SnapshotHelper.swift in Sources */ = {isa = PBXBuildFile; fileRef = D5E6F8011D6B2553009E3107 /* SnapshotHelper.swift */; };
		E031DBA0343C06651C7FA197 /* libPods-testAppUITests.a in Frameworks */ = {isa = PBXBuildFile; fileRef = A6F98138EE6DAEE09C1039DF /* libPods-testAppUITests.a */; };
		F0BDEEC3285D88BC91B7FD5D /* libPods-testApp.a in Frameworks */ = {isa = PBXBuildFile; fileRef = 9DE4072D410EDD1A7D4C9A96 /* libPods-testApp.a */; };
/* End PBXBuildFile section */

/* Begin PBXContainerItemProxy section */
		D5E6F7E21D6B1DA2009E3107 /* PBXContainerItemProxy */ = {
			isa = PBXContainerItemProxy;
			containerPortal = D5E6F7C01D6B1DA1009E3107 /* Project object */;
			proxyType = 1;
			remoteGlobalIDString = D5E6F7C71D6B1DA1009E3107;
			remoteInfo = testApp;
		};
		D5E6F7ED1D6B1DA2009E3107 /* PBXContainerItemProxy */ = {
			isa = PBXContainerItemProxy;
			containerPortal = D5E6F7C01D6B1DA1009E3107 /* Project object */;
			proxyType = 1;
			remoteGlobalIDString = D5E6F7C71D6B1DA1009E3107;
			remoteInfo = testApp;
		};
/* End PBXContainerItemProxy section */

/* Begin PBXFileReference section */
		59116644370516EB0855A318 /* libPods-testAppTests.a */ = {isa = PBXFileReference; explicitFileType = archive.ar; includeInIndex = 0; path = "libPods-testAppTests.a"; sourceTree = BUILT_PRODUCTS_DIR; };
		62123E29FB242646A759B624 /* Pods-testAppUITests.release.xcconfig */ = {isa = PBXFileReference; includeInIndex = 1; lastKnownFileType = text.xcconfig; name = "Pods-testAppUITests.release.xcconfig"; path = "Pods/Target Support Files/Pods-testAppUITests/Pods-testAppUITests.release.xcconfig"; sourceTree = "<group>"; };
		6985B0D49798CE8396CD7E9C /* Pods-testApp.release.xcconfig */ = {isa = PBXFileReference; includeInIndex = 1; lastKnownFileType = text.xcconfig; name = "Pods-testApp.release.xcconfig"; path = "Pods/Target Support Files/Pods-testApp/Pods-testApp.release.xcconfig"; sourceTree = "<group>"; };
		9C2C889B80FB04A5E3566B4C /* Pods-testAppTests.release.xcconfig */ = {isa = PBXFileReference; includeInIndex = 1; lastKnownFileType = text.xcconfig; name = "Pods-testAppTests.release.xcconfig"; path = "Pods/Target Support Files/Pods-testAppTests/Pods-testAppTests.release.xcconfig"; sourceTree = "<group>"; };
		9DE4072D410EDD1A7D4C9A96 /* libPods-testApp.a */ = {isa = PBXFileReference; explicitFileType = archive.ar; includeInIndex = 0; path = "libPods-testApp.a"; sourceTree = BUILT_PRODUCTS_DIR; };
		A6F98138EE6DAEE09C1039DF /* libPods-testAppUITests.a */ = {isa = PBXFileReference; explicitFileType = archive.ar; includeInIndex = 0; path = "libPods-testAppUITests.a"; sourceTree = BUILT_PRODUCTS_DIR; };
		CE513690943FE16367DE669B /* Pods-testAppTests.debug.xcconfig */ = {isa = PBXFileReference; includeInIndex = 1; lastKnownFileType = text.xcconfig; name = "Pods-testAppTests.debug.xcconfig"; path = "Pods/Target Support Files/Pods-testAppTests/Pods-testAppTests.debug.xcconfig"; sourceTree = "<group>"; };
		D516A9DB1D6B2A6200B281C5 /* Snapfile */ = {isa = PBXFileReference; lastKnownFileType = text; name = Snapfile; path = fastlane/Snapfile; sourceTree = "<group>"; xcLanguageSpecificationIdentifier = xcode.lang.ruby; };
		D516A9DC1D6B2C3600B281C5 /* Fastfile */ = {isa = PBXFileReference; lastKnownFileType = text; name = Fastfile; path = fastlane/Fastfile; sourceTree = "<group>"; xcLanguageSpecificationIdentifier = xcode.lang.ruby; };
		D516A9DD1D6B2C3D00B281C5 /* Appfile */ = {isa = PBXFileReference; lastKnownFileType = text; name = Appfile; path = fastlane/Appfile; sourceTree = "<group>"; xcLanguageSpecificationIdentifier = xcode.lang.ruby; };
		D516A9DE1D6C2B3E00B281C5 /* travis.sh */ = {isa = PBXFileReference; lastKnownFileType = text.script.sh; name = travis.sh; path = fastlane/travis.sh; sourceTree = "<group>"; };
		D516A9E01D6C2B7100B281C5 /* .travis.yml */ = {isa = PBXFileReference; lastKnownFileType = text; name = .travis.yml; path = ../.travis.yml; sourceTree = "<group>"; };
		D536C8521D9D39400005A461 /* PrefixHeader.pch */ = {isa = PBXFileReference; fileEncoding = 4; lastKnownFileType = sourcecode.c.h; path = PrefixHeader.pch; sourceTree = "<group>"; };
		D5E6F7C81D6B1DA1009E3107 /* testApp.app */ = {isa = PBXFileReference; explicitFileType = wrapper.application; includeInIndex = 0; path = testApp.app; sourceTree = BUILT_PRODUCTS_DIR; };
		D5E6F7CC1D6B1DA1009E3107 /* main.m */ = {isa = PBXFileReference; lastKnownFileType = sourcecode.c.objc; path = main.m; sourceTree = "<group>"; };
		D5E6F7CE1D6B1DA2009E3107 /* AppDelegate.h */ = {isa = PBXFileReference; lastKnownFileType = sourcecode.c.h; path = AppDelegate.h; sourceTree = "<group>"; };
		D5E6F7CF1D6B1DA2009E3107 /* AppDelegate.m */ = {isa = PBXFileReference; lastKnownFileType = sourcecode.c.objc; path = AppDelegate.m; sourceTree = "<group>"; };
		D5E6F7D11D6B1DA2009E3107 /* ViewController.h */ = {isa = PBXFileReference; lastKnownFileType = sourcecode.c.h; path = ViewController.h; sourceTree = "<group>"; };
		D5E6F7D21D6B1DA2009E3107 /* ViewController.m */ = {isa = PBXFileReference; lastKnownFileType = sourcecode.c.objc; path = ViewController.m; sourceTree = "<group>"; };
		D5E6F7D51D6B1DA2009E3107 /* Base */ = {isa = PBXFileReference; lastKnownFileType = file.storyboard; name = Base; path = Base.lproj/Main.storyboard; sourceTree = "<group>"; };
		D5E6F7D71D6B1DA2009E3107 /* Assets.xcassets */ = {isa = PBXFileReference; lastKnownFileType = folder.assetcatalog; path = Assets.xcassets; sourceTree = "<group>"; };
		D5E6F7DA1D6B1DA2009E3107 /* Base */ = {isa = PBXFileReference; lastKnownFileType = file.storyboard; name = Base; path = Base.lproj/LaunchScreen.storyboard; sourceTree = "<group>"; };
		D5E6F7DC1D6B1DA2009E3107 /* Info.plist */ = {isa = PBXFileReference; lastKnownFileType = text.plist.xml; path = Info.plist; sourceTree = "<group>"; };
		D5E6F7E11D6B1DA2009E3107 /* testAppTests.xctest */ = {isa = PBXFileReference; explicitFileType = wrapper.cfbundle; includeInIndex = 0; path = testAppTests.xctest; sourceTree = BUILT_PRODUCTS_DIR; };
		D5E6F7E51D6B1DA2009E3107 /* testAppTests.m */ = {isa = PBXFileReference; lastKnownFileType = sourcecode.c.objc; path = testAppTests.m; sourceTree = "<group>"; };
		D5E6F7E71D6B1DA2009E3107 /* Info.plist */ = {isa = PBXFileReference; lastKnownFileType = text.plist.xml; path = Info.plist; sourceTree = "<group>"; };
		D5E6F7EC1D6B1DA2009E3107 /* testAppUITests.xctest */ = {isa = PBXFileReference; explicitFileType = wrapper.cfbundle; includeInIndex = 0; path = testAppUITests.xctest; sourceTree = BUILT_PRODUCTS_DIR; };
		D5E6F7F01D6B1DA2009E3107 /* testAppUITests.m */ = {isa = PBXFileReference; lastKnownFileType = sourcecode.c.objc; path = testAppUITests.m; sourceTree = "<group>"; };
		D5E6F7F21D6B1DA2009E3107 /* Info.plist */ = {isa = PBXFileReference; lastKnownFileType = text.plist.xml; path = Info.plist; sourceTree = "<group>"; };
		D5E6F8001D6B2552009E3107 /* testAppUITests-Bridging-Header.h */ = {isa = PBXFileReference; lastKnownFileType = sourcecode.c.h; path = "testAppUITests-Bridging-Header.h"; sourceTree = "<group>"; };
		D5E6F8011D6B2553009E3107 /* SnapshotHelper.swift */ = {isa = PBXFileReference; fileEncoding = 4; lastKnownFileType = sourcecode.swift; path = SnapshotHelper.swift; sourceTree = "<group>"; };
		DABCE965B52ADDEC54AA31A6 /* Pods-testAppUITests.debug.xcconfig */ = {isa = PBXFileReference; includeInIndex = 1; lastKnownFileType = text.xcconfig; name = "Pods-testAppUITests.debug.xcconfig"; path = "Pods/Target Support Files/Pods-testAppUITests/Pods-testAppUITests.debug.xcconfig"; sourceTree = "<group>"; };
		F3AE421B78F46B675E3BD586 /* Pods-testApp.debug.xcconfig */ = {isa = PBXFileReference; includeInIndex = 1; lastKnownFileType = text.xcconfig; name = "Pods-testApp.debug.xcconfig"; path = "Pods/Target Support Files/Pods-testApp/Pods-testApp.debug.xcconfig"; sourceTree = "<group>"; };
/* End PBXFileReference section */

/* Begin PBXFrameworksBuildPhase section */
		D5E6F7C51D6B1DA1009E3107 /* Frameworks */ = {
			isa = PBXFrameworksBuildPhase;
			buildActionMask = 2147483647;
			files = (
				F0BDEEC3285D88BC91B7FD5D /* libPods-testApp.a in Frameworks */,
			);
			runOnlyForDeploymentPostprocessing = 0;
		};
		D5E6F7DE1D6B1DA2009E3107 /* Frameworks */ = {
			isa = PBXFrameworksBuildPhase;
			buildActionMask = 2147483647;
			files = (
				C5B94E2A2DC61169550C5167 /* libPods-testAppTests.a in Frameworks */,
			);
			runOnlyForDeploymentPostprocessing = 0;
		};
		D5E6F7E91D6B1DA2009E3107 /* Frameworks */ = {
			isa = PBXFrameworksBuildPhase;
			buildActionMask = 2147483647;
			files = (
				E031DBA0343C06651C7FA197 /* libPods-testAppUITests.a in Frameworks */,
			);
			runOnlyForDeploymentPostprocessing = 0;
		};
/* End PBXFrameworksBuildPhase section */

/* Begin PBXGroup section */
		43CD386893BE86DFD8E1C7A3 /* Frameworks */ = {
			isa = PBXGroup;
			children = (
				9DE4072D410EDD1A7D4C9A96 /* libPods-testApp.a */,
				59116644370516EB0855A318 /* libPods-testAppTests.a */,
				A6F98138EE6DAEE09C1039DF /* libPods-testAppUITests.a */,
			);
			name = Frameworks;
			sourceTree = "<group>";
		};
		B02AB58ABB303D06B24B057E /* Pods */ = {
			isa = PBXGroup;
			children = (
				F3AE421B78F46B675E3BD586 /* Pods-testApp.debug.xcconfig */,
				6985B0D49798CE8396CD7E9C /* Pods-testApp.release.xcconfig */,
				CE513690943FE16367DE669B /* Pods-testAppTests.debug.xcconfig */,
				9C2C889B80FB04A5E3566B4C /* Pods-testAppTests.release.xcconfig */,
				DABCE965B52ADDEC54AA31A6 /* Pods-testAppUITests.debug.xcconfig */,
				62123E29FB242646A759B624 /* Pods-testAppUITests.release.xcconfig */,
			);
			name = Pods;
			sourceTree = "<group>";
		};
		D516A9DF1D6C2B4200B281C5 /* CI */ = {
			isa = PBXGroup;
			children = (
				D516A9DD1D6B2C3D00B281C5 /* Appfile */,
				D516A9DC1D6B2C3600B281C5 /* Fastfile */,
				D516A9DB1D6B2A6200B281C5 /* Snapfile */,
				D516A9DE1D6C2B3E00B281C5 /* travis.sh */,
				D516A9E01D6C2B7100B281C5 /* .travis.yml */,
			);
			name = CI;
			sourceTree = "<group>";
		};
		D5E6F7BF1D6B1DA1009E3107 = {
			isa = PBXGroup;
			children = (
				D516A9DF1D6C2B4200B281C5 /* CI */,
				D5E6F7CA1D6B1DA1009E3107 /* testApp */,
				D5E6F7E41D6B1DA2009E3107 /* testAppTests */,
				D5E6F7EF1D6B1DA2009E3107 /* testAppUITests */,
				D5E6F7C91D6B1DA1009E3107 /* Products */,
				B02AB58ABB303D06B24B057E /* Pods */,
				43CD386893BE86DFD8E1C7A3 /* Frameworks */,
			);
			sourceTree = "<group>";
		};
		D5E6F7C91D6B1DA1009E3107 /* Products */ = {
			isa = PBXGroup;
			children = (
				D5E6F7C81D6B1DA1009E3107 /* testApp.app */,
				D5E6F7E11D6B1DA2009E3107 /* testAppTests.xctest */,
				D5E6F7EC1D6B1DA2009E3107 /* testAppUITests.xctest */,
			);
			name = Products;
			sourceTree = "<group>";
		};
		D5E6F7CA1D6B1DA1009E3107 /* testApp */ = {
			isa = PBXGroup;
			children = (
				D5E6F7CE1D6B1DA2009E3107 /* AppDelegate.h */,
				D5E6F7CF1D6B1DA2009E3107 /* AppDelegate.m */,
				D5E6F7D11D6B1DA2009E3107 /* ViewController.h */,
				D5E6F7D21D6B1DA2009E3107 /* ViewController.m */,
				D5E6F7D41D6B1DA2009E3107 /* Main.storyboard */,
				D5E6F7D71D6B1DA2009E3107 /* Assets.xcassets */,
				D5E6F7D91D6B1DA2009E3107 /* LaunchScreen.storyboard */,
				D5E6F7DC1D6B1DA2009E3107 /* Info.plist */,
				D5E6F7CB1D6B1DA1009E3107 /* Supporting Files */,
			);
			path = testApp;
			sourceTree = "<group>";
		};
		D5E6F7CB1D6B1DA1009E3107 /* Supporting Files */ = {
			isa = PBXGroup;
			children = (
				D5E6F7CC1D6B1DA1009E3107 /* main.m */,
				D536C8521D9D39400005A461 /* PrefixHeader.pch */,
			);
			name = "Supporting Files";
			sourceTree = "<group>";
		};
		D5E6F7E41D6B1DA2009E3107 /* testAppTests */ = {
			isa = PBXGroup;
			children = (
				D5E6F7E51D6B1DA2009E3107 /* testAppTests.m */,
				D5E6F7E71D6B1DA2009E3107 /* Info.plist */,
			);
			path = testAppTests;
			sourceTree = "<group>";
		};
		D5E6F7EF1D6B1DA2009E3107 /* testAppUITests */ = {
			isa = PBXGroup;
			children = (
				D5E6F8011D6B2553009E3107 /* SnapshotHelper.swift */,
				D5E6F7F01D6B1DA2009E3107 /* testAppUITests.m */,
				D5E6F7F21D6B1DA2009E3107 /* Info.plist */,
				D5E6F8001D6B2552009E3107 /* testAppUITests-Bridging-Header.h */,
			);
			path = testAppUITests;
			sourceTree = "<group>";
		};
/* End PBXGroup section */

/* Begin PBXNativeTarget section */
		D5E6F7C71D6B1DA1009E3107 /* testApp */ = {
			isa = PBXNativeTarget;
			buildConfigurationList = D5E6F7F51D6B1DA2009E3107 /* Build configuration list for PBXNativeTarget "testApp" */;
			buildPhases = (
				617978845ED92ABC0EA05F3D /* [CP] Check Pods Manifest.lock */,
				D5E6F7C41D6B1DA1009E3107 /* Sources */,
				D5E6F7C51D6B1DA1009E3107 /* Frameworks */,
				D5E6F7C61D6B1DA1009E3107 /* Resources */,
				A0A34F874905E3A720FE6AF8 /* [CP] Embed Pods Frameworks */,
				8C4C6600B46334156FBFAC0C /* [CP] Copy Pods Resources */,
				D53646BC1D6F148F008DE6E9 /* ShellScript */,
			);
			buildRules = (
			);
			dependencies = (
			);
			name = testApp;
			productName = testApp;
			productReference = D5E6F7C81D6B1DA1009E3107 /* testApp.app */;
			productType = "com.apple.product-type.application";
		};
		D5E6F7E01D6B1DA2009E3107 /* testAppTests */ = {
			isa = PBXNativeTarget;
			buildConfigurationList = D5E6F7F81D6B1DA2009E3107 /* Build configuration list for PBXNativeTarget "testAppTests" */;
			buildPhases = (
				D59292E0CC6EAFEDA55DD407 /* [CP] Check Pods Manifest.lock */,
				D5E6F7DD1D6B1DA2009E3107 /* Sources */,
				D5E6F7DE1D6B1DA2009E3107 /* Frameworks */,
				D5E6F7DF1D6B1DA2009E3107 /* Resources */,
				87EA9BE6F12D7AD35035A0DC /* [CP] Embed Pods Frameworks */,
				47F884C0BE88CE46A72943E5 /* [CP] Copy Pods Resources */,
			);
			buildRules = (
			);
			dependencies = (
				D5E6F7E31D6B1DA2009E3107 /* PBXTargetDependency */,
			);
			name = testAppTests;
			productName = testAppTests;
			productReference = D5E6F7E11D6B1DA2009E3107 /* testAppTests.xctest */;
			productType = "com.apple.product-type.bundle.unit-test";
		};
		D5E6F7EB1D6B1DA2009E3107 /* testAppUITests */ = {
			isa = PBXNativeTarget;
			buildConfigurationList = D5E6F7FB1D6B1DA2009E3107 /* Build configuration list for PBXNativeTarget "testAppUITests" */;
			buildPhases = (
				67D8A6E86F571EFF375927D4 /* [CP] Check Pods Manifest.lock */,
				D5E6F7E81D6B1DA2009E3107 /* Sources */,
				D5E6F7E91D6B1DA2009E3107 /* Frameworks */,
				D5E6F7EA1D6B1DA2009E3107 /* Resources */,
				A380BB23995B47C0FFE4BCE5 /* [CP] Copy Pods Resources */,
			);
			buildRules = (
			);
			dependencies = (
				D5E6F7EE1D6B1DA2009E3107 /* PBXTargetDependency */,
			);
			name = testAppUITests;
			productName = testAppUITests;
			productReference = D5E6F7EC1D6B1DA2009E3107 /* testAppUITests.xctest */;
			productType = "com.apple.product-type.bundle.ui-testing";
		};
/* End PBXNativeTarget section */

/* Begin PBXProject section */
		D5E6F7C01D6B1DA1009E3107 /* Project object */ = {
			isa = PBXProject;
			attributes = {
				LastUpgradeCheck = 0730;
				ORGANIZATIONNAME = j;
				TargetAttributes = {
					D5E6F7C71D6B1DA1009E3107 = {
						CreatedOnToolsVersion = 7.3;
					};
					D5E6F7E01D6B1DA2009E3107 = {
						CreatedOnToolsVersion = 7.3;
						TestTargetID = D5E6F7C71D6B1DA1009E3107;
					};
					D5E6F7EB1D6B1DA2009E3107 = {
						CreatedOnToolsVersion = 7.3;
						LastSwiftMigration = 0800;
						TestTargetID = D5E6F7C71D6B1DA1009E3107;
					};
				};
			};
			buildConfigurationList = D5E6F7C31D6B1DA1009E3107 /* Build configuration list for PBXProject "testApp" */;
			compatibilityVersion = "Xcode 3.2";
			developmentRegion = English;
			hasScannedForEncodings = 0;
			knownRegions = (
				en,
				Base,
			);
			mainGroup = D5E6F7BF1D6B1DA1009E3107;
			productRefGroup = D5E6F7C91D6B1DA1009E3107 /* Products */;
			projectDirPath = "";
			projectRoot = "";
			targets = (
				D5E6F7C71D6B1DA1009E3107 /* testApp */,
				D5E6F7E01D6B1DA2009E3107 /* testAppTests */,
				D5E6F7EB1D6B1DA2009E3107 /* testAppUITests */,
			);
		};
/* End PBXProject section */

/* Begin PBXResourcesBuildPhase section */
		D5E6F7C61D6B1DA1009E3107 /* Resources */ = {
			isa = PBXResourcesBuildPhase;
			buildActionMask = 2147483647;
			files = (
				D5E6F7DB1D6B1DA2009E3107 /* LaunchScreen.storyboard in Resources */,
				D5E6F7D81D6B1DA2009E3107 /* Assets.xcassets in Resources */,
				D5E6F7D61D6B1DA2009E3107 /* Main.storyboard in Resources */,
			);
			runOnlyForDeploymentPostprocessing = 0;
		};
		D5E6F7DF1D6B1DA2009E3107 /* Resources */ = {
			isa = PBXResourcesBuildPhase;
			buildActionMask = 2147483647;
			files = (
			);
			runOnlyForDeploymentPostprocessing = 0;
		};
		D5E6F7EA1D6B1DA2009E3107 /* Resources */ = {
			isa = PBXResourcesBuildPhase;
			buildActionMask = 2147483647;
			files = (
			);
			runOnlyForDeploymentPostprocessing = 0;
		};
/* End PBXResourcesBuildPhase section */

/* Begin PBXShellScriptBuildPhase section */
		47F884C0BE88CE46A72943E5 /* [CP] Copy Pods Resources */ = {
			isa = PBXShellScriptBuildPhase;
			buildActionMask = 2147483647;
			files = (
			);
			inputPaths = (
			);
			name = "[CP] Copy Pods Resources";
			outputPaths = (
			);
			runOnlyForDeploymentPostprocessing = 0;
			shellPath = /bin/sh;
			shellScript = "\"${SRCROOT}/Pods/Target Support Files/Pods-testAppTests/Pods-testAppTests-resources.sh\"\n";
			showEnvVarsInLog = 0;
		};
		617978845ED92ABC0EA05F3D /* [CP] Check Pods Manifest.lock */ = {
			isa = PBXShellScriptBuildPhase;
			buildActionMask = 2147483647;
			files = (
			);
			inputPaths = (
			);
			name = "[CP] Check Pods Manifest.lock";
			outputPaths = (
			);
			runOnlyForDeploymentPostprocessing = 0;
			shellPath = /bin/sh;
			shellScript = "diff \"${PODS_ROOT}/../Podfile.lock\" \"${PODS_ROOT}/Manifest.lock\" > /dev/null\nif [[ $? != 0 ]] ; then\n    cat << EOM\nerror: The sandbox is not in sync with the Podfile.lock. Run 'pod install' or update your CocoaPods installation.\nEOM\n    exit 1\nfi\n";
			showEnvVarsInLog = 0;
		};
		67D8A6E86F571EFF375927D4 /* [CP] Check Pods Manifest.lock */ = {
			isa = PBXShellScriptBuildPhase;
			buildActionMask = 2147483647;
			files = (
			);
			inputPaths = (
			);
			name = "[CP] Check Pods Manifest.lock";
			outputPaths = (
			);
			runOnlyForDeploymentPostprocessing = 0;
			shellPath = /bin/sh;
			shellScript = "diff \"${PODS_ROOT}/../Podfile.lock\" \"${PODS_ROOT}/Manifest.lock\" > /dev/null\nif [[ $? != 0 ]] ; then\n    cat << EOM\nerror: The sandbox is not in sync with the Podfile.lock. Run 'pod install' or update your CocoaPods installation.\nEOM\n    exit 1\nfi\n";
			showEnvVarsInLog = 0;
		};
		87EA9BE6F12D7AD35035A0DC /* [CP] Embed Pods Frameworks */ = {
			isa = PBXShellScriptBuildPhase;
			buildActionMask = 2147483647;
			files = (
			);
			inputPaths = (
			);
			name = "[CP] Embed Pods Frameworks";
			outputPaths = (
			);
			runOnlyForDeploymentPostprocessing = 0;
			shellPath = /bin/sh;
			shellScript = "\"${SRCROOT}/Pods/Target Support Files/Pods-testAppTests/Pods-testAppTests-frameworks.sh\"\n";
			showEnvVarsInLog = 0;
		};
		8C4C6600B46334156FBFAC0C /* [CP] Copy Pods Resources */ = {
			isa = PBXShellScriptBuildPhase;
			buildActionMask = 2147483647;
			files = (
			);
			inputPaths = (
			);
			name = "[CP] Copy Pods Resources";
			outputPaths = (
			);
			runOnlyForDeploymentPostprocessing = 0;
			shellPath = /bin/sh;
			shellScript = "\"${SRCROOT}/Pods/Target Support Files/Pods-testApp/Pods-testApp-resources.sh\"\n";
			showEnvVarsInLog = 0;
		};
		A0A34F874905E3A720FE6AF8 /* [CP] Embed Pods Frameworks */ = {
			isa = PBXShellScriptBuildPhase;
			buildActionMask = 2147483647;
			files = (
			);
			inputPaths = (
			);
			name = "[CP] Embed Pods Frameworks";
			outputPaths = (
			);
			runOnlyForDeploymentPostprocessing = 0;
			shellPath = /bin/sh;
			shellScript = "\"${SRCROOT}/Pods/Target Support Files/Pods-testApp/Pods-testApp-frameworks.sh\"\n";
			showEnvVarsInLog = 0;
		};
		A380BB23995B47C0FFE4BCE5 /* [CP] Copy Pods Resources */ = {
			isa = PBXShellScriptBuildPhase;
			buildActionMask = 2147483647;
			files = (
			);
			inputPaths = (
			);
			name = "[CP] Copy Pods Resources";
			outputPaths = (
			);
			runOnlyForDeploymentPostprocessing = 0;
			shellPath = /bin/sh;
			shellScript = "\"${SRCROOT}/Pods/Target Support Files/Pods-testAppUITests/Pods-testAppUITests-resources.sh\"\n";
			showEnvVarsInLog = 0;
		};
		D53646BC1D6F148F008DE6E9 /* ShellScript */ = {
			isa = PBXShellScriptBuildPhase;
			buildActionMask = 2147483647;
			files = (
			);
			inputPaths = (
			);
			outputPaths = (
			);
			runOnlyForDeploymentPostprocessing = 0;
			shellPath = /bin/sh;
			shellScript = "\"${PODS_ROOT}/Fabric/run\" 710383f93a3449850f67c25bcfc44c24b64b50d5 f4a9da394ffc78f481d90e1fbf6ab3a3e443aef3749fc61c6f061db0cb7ad594";
		};
		D59292E0CC6EAFEDA55DD407 /* [CP] Check Pods Manifest.lock */ = {
			isa = PBXShellScriptBuildPhase;
			buildActionMask = 2147483647;
			files = (
			);
			inputPaths = (
			);
			name = "[CP] Check Pods Manifest.lock";
			outputPaths = (
			);
			runOnlyForDeploymentPostprocessing = 0;
			shellPath = /bin/sh;
			shellScript = "diff \"${PODS_ROOT}/../Podfile.lock\" \"${PODS_ROOT}/Manifest.lock\" > /dev/null\nif [[ $? != 0 ]] ; then\n    cat << EOM\nerror: The sandbox is not in sync with the Podfile.lock. Run 'pod install' or update your CocoaPods installation.\nEOM\n    exit 1\nfi\n";
			showEnvVarsInLog = 0;
		};
/* End PBXShellScriptBuildPhase section */

/* Begin PBXSourcesBuildPhase section */
		D5E6F7C41D6B1DA1009E3107 /* Sources */ = {
			isa = PBXSourcesBuildPhase;
			buildActionMask = 2147483647;
			files = (
				D5E6F7D31D6B1DA2009E3107 /* ViewController.m in Sources */,
				D5E6F7D01D6B1DA2009E3107 /* AppDelegate.m in Sources */,
				D5E6F7CD1D6B1DA1009E3107 /* main.m in Sources */,
			);
			runOnlyForDeploymentPostprocessing = 0;
		};
		D5E6F7DD1D6B1DA2009E3107 /* Sources */ = {
			isa = PBXSourcesBuildPhase;
			buildActionMask = 2147483647;
			files = (
				D5E6F7E61D6B1DA2009E3107 /* testAppTests.m in Sources */,
			);
			runOnlyForDeploymentPostprocessing = 0;
		};
		D5E6F7E81D6B1DA2009E3107 /* Sources */ = {
			isa = PBXSourcesBuildPhase;
			buildActionMask = 2147483647;
			files = (
				D5E6F7F11D6B1DA2009E3107 /* testAppUITests.m in Sources */,
				D5E6F8021D6B2553009E3107 /* SnapshotHelper.swift in Sources */,
			);
			runOnlyForDeploymentPostprocessing = 0;
		};
/* End PBXSourcesBuildPhase section */

/* Begin PBXTargetDependency section */
		D5E6F7E31D6B1DA2009E3107 /* PBXTargetDependency */ = {
			isa = PBXTargetDependency;
			target = D5E6F7C71D6B1DA1009E3107 /* testApp */;
			targetProxy = D5E6F7E21D6B1DA2009E3107 /* PBXContainerItemProxy */;
		};
		D5E6F7EE1D6B1DA2009E3107 /* PBXTargetDependency */ = {
			isa = PBXTargetDependency;
			target = D5E6F7C71D6B1DA1009E3107 /* testApp */;
			targetProxy = D5E6F7ED1D6B1DA2009E3107 /* PBXContainerItemProxy */;
		};
/* End PBXTargetDependency section */

/* Begin PBXVariantGroup section */
		D5E6F7D41D6B1DA2009E3107 /* Main.storyboard */ = {
			isa = PBXVariantGroup;
			children = (
				D5E6F7D51D6B1DA2009E3107 /* Base */,
			);
			name = Main.storyboard;
			sourceTree = "<group>";
		};
		D5E6F7D91D6B1DA2009E3107 /* LaunchScreen.storyboard */ = {
			isa = PBXVariantGroup;
			children = (
				D5E6F7DA1D6B1DA2009E3107 /* Base */,
			);
			name = LaunchScreen.storyboard;
			sourceTree = "<group>";
		};
/* End PBXVariantGroup section */

/* Begin XCBuildConfiguration section */
		D5E6F7F31D6B1DA2009E3107 /* Debug */ = {
			isa = XCBuildConfiguration;
			buildSettings = {
				ALWAYS_SEARCH_USER_PATHS = NO;
				CLANG_ANALYZER_NONNULL = YES;
				CLANG_CXX_LANGUAGE_STANDARD = "gnu++0x";
				CLANG_CXX_LIBRARY = "libc++";
				CLANG_ENABLE_MODULES = YES;
				CLANG_ENABLE_OBJC_ARC = YES;
				CLANG_WARN_BOOL_CONVERSION = YES;
				CLANG_WARN_CONSTANT_CONVERSION = YES;
				CLANG_WARN_DIRECT_OBJC_ISA_USAGE = YES_ERROR;
				CLANG_WARN_EMPTY_BODY = YES;
				CLANG_WARN_ENUM_CONVERSION = YES;
				CLANG_WARN_INT_CONVERSION = YES;
				CLANG_WARN_OBJC_ROOT_CLASS = YES_ERROR;
				CLANG_WARN_UNREACHABLE_CODE = YES;
				CLANG_WARN__DUPLICATE_METHOD_MATCH = YES;
				"CODE_SIGN_IDENTITY[sdk=iphoneos*]" = "iPhone Developer";
				COPY_PHASE_STRIP = NO;
				DEBUG_INFORMATION_FORMAT = dwarf;
				ENABLE_STRICT_OBJC_MSGSEND = YES;
				ENABLE_TESTABILITY = YES;
				GCC_C_LANGUAGE_STANDARD = gnu99;
				GCC_DYNAMIC_NO_PIC = NO;
				GCC_NO_COMMON_BLOCKS = YES;
				GCC_OPTIMIZATION_LEVEL = 0;
				GCC_PRECOMPILE_PREFIX_HEADER = NO;
				GCC_PREPROCESSOR_DEFINITIONS = (
					"DEBUG=1",
					"$(inherited)",
				);
				GCC_WARN_64_TO_32_BIT_CONVERSION = YES;
				GCC_WARN_ABOUT_RETURN_TYPE = YES_ERROR;
				GCC_WARN_UNDECLARED_SELECTOR = YES;
				GCC_WARN_UNINITIALIZED_AUTOS = YES_AGGRESSIVE;
				GCC_WARN_UNUSED_FUNCTION = YES;
				GCC_WARN_UNUSED_VARIABLE = YES;
				IPHONEOS_DEPLOYMENT_TARGET = 9.3;
				MTL_ENABLE_DEBUG_INFO = YES;
				ONLY_ACTIVE_ARCH = YES;
				SDKROOT = iphoneos;
				TARGETED_DEVICE_FAMILY = "1,2";
			};
			name = Debug;
		};
		D5E6F7F41D6B1DA2009E3107 /* Release */ = {
			isa = XCBuildConfiguration;
			buildSettings = {
				ALWAYS_SEARCH_USER_PATHS = NO;
				CLANG_ANALYZER_NONNULL = YES;
				CLANG_CXX_LANGUAGE_STANDARD = "gnu++0x";
				CLANG_CXX_LIBRARY = "libc++";
				CLANG_ENABLE_MODULES = YES;
				CLANG_ENABLE_OBJC_ARC = YES;
				CLANG_WARN_BOOL_CONVERSION = YES;
				CLANG_WARN_CONSTANT_CONVERSION = YES;
				CLANG_WARN_DIRECT_OBJC_ISA_USAGE = YES_ERROR;
				CLANG_WARN_EMPTY_BODY = YES;
				CLANG_WARN_ENUM_CONVERSION = YES;
				CLANG_WARN_INT_CONVERSION = YES;
				CLANG_WARN_OBJC_ROOT_CLASS = YES_ERROR;
				CLANG_WARN_UNREACHABLE_CODE = YES;
				CLANG_WARN__DUPLICATE_METHOD_MATCH = YES;
				"CODE_SIGN_IDENTITY[sdk=iphoneos*]" = "iPhone Developer";
				COPY_PHASE_STRIP = NO;
				DEBUG_INFORMATION_FORMAT = "dwarf-with-dsym";
				ENABLE_NS_ASSERTIONS = NO;
				ENABLE_STRICT_OBJC_MSGSEND = YES;
				GCC_C_LANGUAGE_STANDARD = gnu99;
				GCC_NO_COMMON_BLOCKS = YES;
				GCC_PRECOMPILE_PREFIX_HEADER = NO;
				GCC_WARN_64_TO_32_BIT_CONVERSION = YES;
				GCC_WARN_ABOUT_RETURN_TYPE = YES_ERROR;
				GCC_WARN_UNDECLARED_SELECTOR = YES;
				GCC_WARN_UNINITIALIZED_AUTOS = YES_AGGRESSIVE;
				GCC_WARN_UNUSED_FUNCTION = YES;
				GCC_WARN_UNUSED_VARIABLE = YES;
				IPHONEOS_DEPLOYMENT_TARGET = 9.3;
				MTL_ENABLE_DEBUG_INFO = NO;
				SDKROOT = iphoneos;
				TARGETED_DEVICE_FAMILY = "1,2";
				VALIDATE_PRODUCT = YES;
			};
			name = Release;
		};
		D5E6F7F61D6B1DA2009E3107 /* Debug */ = {
			isa = XCBuildConfiguration;
			baseConfigurationReference = F3AE421B78F46B675E3BD586 /* Pods-testApp.debug.xcconfig */;
			buildSettings = {
				ASSETCATALOG_COMPILER_APPICON_NAME = AppIcon;
				GCC_PRECOMPILE_PREFIX_HEADER = YES;
				GCC_PREFIX_HEADER = "$(SRCROOT)/testApp/PrefixHeader.pch";
				INFOPLIST_FILE = testApp/Info.plist;
				LD_RUNPATH_SEARCH_PATHS = "$(inherited) @executable_path/Frameworks";
				PRODUCT_BUNDLE_IDENTIFIER = abc.test.testApp;
				PRODUCT_NAME = "$(TARGET_NAME)";
				PROVISIONING_PROFILE = "$(sigh_abc.test.testApp_development)";
			};
			name = Debug;
		};
		D5E6F7F71D6B1DA2009E3107 /* Release */ = {
			isa = XCBuildConfiguration;
			baseConfigurationReference = 6985B0D49798CE8396CD7E9C /* Pods-testApp.release.xcconfig */;
			buildSettings = {
				ASSETCATALOG_COMPILER_APPICON_NAME = AppIcon;
				GCC_PRECOMPILE_PREFIX_HEADER = YES;
				GCC_PREFIX_HEADER = "$(SRCROOT)/testApp/PrefixHeader.pch";
				INFOPLIST_FILE = testApp/Info.plist;
				LD_RUNPATH_SEARCH_PATHS = "$(inherited) @executable_path/Frameworks";
				PRODUCT_BUNDLE_IDENTIFIER = abc.test.testApp;
				PRODUCT_NAME = "$(TARGET_NAME)";
				PROVISIONING_PROFILE = "$(sigh_abc.test.testApp_adhoc)";
			};
			name = Release;
		};
		D5E6F7F91D6B1DA2009E3107 /* Debug */ = {
			isa = XCBuildConfiguration;
			baseConfigurationReference = CE513690943FE16367DE669B /* Pods-testAppTests.debug.xcconfig */;
			buildSettings = {
				BUNDLE_LOADER = "$(TEST_HOST)";
				INFOPLIST_FILE = testAppTests/Info.plist;
				LD_RUNPATH_SEARCH_PATHS = "$(inherited) @executable_path/Frameworks @loader_path/Frameworks";
				PRODUCT_BUNDLE_IDENTIFIER = abc.test.testAppTests;
				PRODUCT_NAME = "$(TARGET_NAME)";
				TEST_HOST = "$(BUILT_PRODUCTS_DIR)/testApp.app/testApp";
			};
			name = Debug;
		};
		D5E6F7FA1D6B1DA2009E3107 /* Release */ = {
			isa = XCBuildConfiguration;
			baseConfigurationReference = 9C2C889B80FB04A5E3566B4C /* Pods-testAppTests.release.xcconfig */;
			buildSettings = {
				BUNDLE_LOADER = "$(TEST_HOST)";
				INFOPLIST_FILE = testAppTests/Info.plist;
				LD_RUNPATH_SEARCH_PATHS = "$(inherited) @executable_path/Frameworks @loader_path/Frameworks";
				PRODUCT_BUNDLE_IDENTIFIER = abc.test.testAppTests;
				PRODUCT_NAME = "$(TARGET_NAME)";
				TEST_HOST = "$(BUILT_PRODUCTS_DIR)/testApp.app/testApp";
			};
			name = Release;
		};
		D5E6F7FC1D6B1DA2009E3107 /* Debug */ = {
			isa = XCBuildConfiguration;
			baseConfigurationReference = DABCE965B52ADDEC54AA31A6 /* Pods-testAppUITests.debug.xcconfig */;
			buildSettings = {
				CLANG_ENABLE_MODULES = YES;
				INFOPLIST_FILE = testAppUITests/Info.plist;
				LD_RUNPATH_SEARCH_PATHS = "$(inherited) @executable_path/Frameworks @loader_path/Frameworks";
				PRODUCT_BUNDLE_IDENTIFIER = abc.test.testAppUITests;
				PRODUCT_NAME = "$(TARGET_NAME)";
				SWIFT_OBJC_BRIDGING_HEADER = "testAppUITests/testAppUITests-Bridging-Header.h";
				SWIFT_OPTIMIZATION_LEVEL = "-Onone";
				SWIFT_VERSION = 3.0;
				TEST_TARGET_NAME = testApp;
			};
			name = Debug;
		};
		D5E6F7FD1D6B1DA2009E3107 /* Release */ = {
			isa = XCBuildConfiguration;
			baseConfigurationReference = 62123E29FB242646A759B624 /* Pods-testAppUITests.release.xcconfig */;
			buildSettings = {
				CLANG_ENABLE_MODULES = YES;
				INFOPLIST_FILE = testAppUITests/Info.plist;
				LD_RUNPATH_SEARCH_PATHS = "$(inherited) @executable_path/Frameworks @loader_path/Frameworks";
				PRODUCT_BUNDLE_IDENTIFIER = abc.test.testAppUITests;
				PRODUCT_NAME = "$(TARGET_NAME)";
				SWIFT_OBJC_BRIDGING_HEADER = "testAppUITests/testAppUITests-Bridging-Header.h";
				SWIFT_VERSION = 3.0;
				TEST_TARGET_NAME = testApp;
			};
			name = Release;
		};
/* End XCBuildConfiguration section */

/* Begin XCConfigurationList section */
		D5E6F7C31D6B1DA1009E3107 /* Build configuration list for PBXProject "testApp" */ = {
			isa = XCConfigurationList;
			buildConfigurations = (
				D5E6F7F31D6B1DA2009E3107 /* Debug */,
				D5E6F7F41D6B1DA2009E3107 /* Release */,
			);
			defaultConfigurationIsVisible = 0;
			defaultConfigurationName = Release;
		};
		D5E6F7F51D6B1DA2009E3107 /* Build configuration list for PBXNativeTarget "testApp" */ = {
			isa = XCConfigurationList;
			buildConfigurations = (
				D5E6F7F61D6B1DA2009E3107 /* Debug */,
				D5E6F7F71D6B1DA2009E3107 /* Release */,
			);
			defaultConfigurationIsVisible = 0;
			defaultConfigurationName = Release;
		};
		D5E6F7F81D6B1DA2009E3107 /* Build configuration list for PBXNativeTarget "testAppTests" */ = {
			isa = XCConfigurationList;
			buildConfigurations = (
				D5E6F7F91D6B1DA2009E3107 /* Debug */,
				D5E6F7FA1D6B1DA2009E3107 /* Release */,
			);
			defaultConfigurationIsVisible = 0;
			defaultConfigurationName = Release;
		};
		D5E6F7FB1D6B1DA2009E3107 /* Build configuration list for PBXNativeTarget "testAppUITests" */ = {
			isa = XCConfigurationList;
			buildConfigurations = (
				D5E6F7FC1D6B1DA2009E3107 /* Debug */,
				D5E6F7FD1D6B1DA2009E3107 /* Release */,
			);
			defaultConfigurationIsVisible = 0;
			defaultConfigurationName = Release;
		};
/* End XCConfigurationList section */
	};
	rootObject = D5E6F7C01D6B1DA1009E3107 /* Project object */;
}
